
Microsoft Visual Studio Solution File, Format Version 12.00
# Visual Studio 2012
Project("{FAE04EC0-301F-11D3-BF4B-00C04F79EFBC}") = "Example1", "Example1\Example1.csproj", "{D8345803-843F-4269-8F89-B67C5BE64271}"
EndProject
Global
	GlobalSection(SolutionConfigurationPlatforms) = preSolution
		Debug|Any CPU = Debug|Any CPU
		Release|Any CPU = Release|Any CPU
	EndGlobalSection
	GlobalSection(ProjectConfigurationPlatforms) = postSolution
		{D8345803-843F-4269-8F89-B67C5BE64271}.Debug|Any CPU.ActiveCfg = Debug|Any CPU
		{D8345803-843F-4269-8F89-B67C5BE64271}.Debug|Any CPU.Build.0 = Debug|Any CPU
		{D8345803-843F-4269-8F89-B67C5BE64271}.Release|Any CPU.ActiveCfg = Release|Any CPU
		{D8345803-843F-4269-8F89-B67C5BE64271}.Release|Any CPU.Build.0 = Release|Any CPU
	EndGlobalSection
EndGlobal
